// !$*UTF8*$!
{
	archiveVersion = 1;
	classes = {
	};
	objectVersion = 46;
	objects = {

/* Begin PBXBuildFile section */
		46ED8ABA1A9B303F00E9EF26 /* main.m in Sources */ = {isa = PBXBuildFile; fileRef = 46ED8AB91A9B303F00E9EF26 /* main.m */; };
		46ED8ABD1A9B303F00E9EF26 /* AppDelegate.m in Sources */ = {isa = PBXBuildFile; fileRef = 46ED8ABC1A9B303F00E9EF26 /* AppDelegate.m */; };
		46ED8AC31A9B303F00E9EF26 /* Main.storyboard in Resources */ = {isa = PBXBuildFile; fileRef = 46ED8AC11A9B303F00E9EF26 /* Main.storyboard */; };
		46ED8AC81A9B303F00E9EF26 /* LaunchScreen.xib in Resources */ = {isa = PBXBuildFile; fileRef = 46ED8AC61A9B303F00E9EF26 /* LaunchScreen.xib */; };
		46ED8AF91A9B310B00E9EF26 /* libLumberjack.a in Frameworks */ = {isa = PBXBuildFile; fileRef = 46ED8AE41A9B30CD00E9EF26 /* libLumberjack.a */; };
		46ED8AFC1A9B370800E9EF26 /* FooBar.m in Sources */ = {isa = PBXBuildFile; fileRef = 46ED8AFB1A9B370800E9EF26 /* FooBar.m */; };
		46ED8B011A9B378900E9EF26 /* FooBarTests.m in Sources */ = {isa = PBXBuildFile; fileRef = 46ED8B001A9B378900E9EF26 /* FooBarTests.m */; };
/* End PBXBuildFile section */

/* Begin PBXContainerItemProxy section */
		46ED8ACE1A9B303F00E9EF26 /* PBXContainerItemProxy */ = {
			isa = PBXContainerItemProxy;
			containerPortal = 46ED8AAC1A9B303F00E9EF26 /* Project object */;
			proxyType = 1;
			remoteGlobalIDString = 46ED8AB31A9B303F00E9EF26;
			remoteInfo = LumberjackCoverage;
		};
		46ED8AE31A9B30CD00E9EF26 /* PBXContainerItemProxy */ = {
			isa = PBXContainerItemProxy;
			containerPortal = 46ED8ADE1A9B30CD00E9EF26 /* Lumberjack.xcodeproj */;
			proxyType = 2;
			remoteGlobalIDString = 2A37F97718E37270009FAAA7;
			remoteInfo = Lumberjack;
		};
		46ED8AE51A9B30CD00E9EF26 /* PBXContainerItemProxy */ = {
			isa = PBXContainerItemProxy;
			containerPortal = 46ED8ADE1A9B30CD00E9EF26 /* Lumberjack.xcodeproj */;
			proxyType = 2;
			remoteGlobalIDString = 2A37F9DA18E37536009FAAA7;
			remoteInfo = LibTest;
		};
		46ED8AE71A9B30E000E9EF26 /* PBXContainerItemProxy */ = {
			isa = PBXContainerItemProxy;
			containerPortal = 46ED8ADE1A9B30CD00E9EF26 /* Lumberjack.xcodeproj */;
			proxyType = 1;
			remoteGlobalIDString = 2A37F97618E37270009FAAA7;
			remoteInfo = Lumberjack;
		};
/* End PBXContainerItemProxy section */

/* Begin PBXFileReference section */
		46ED8AB41A9B303F00E9EF26 /* LumberjackCoverage.app */ = {isa = PBXFileReference; explicitFileType = wrapper.application; includeInIndex = 0; path = LumberjackCoverage.app; sourceTree = BUILT_PRODUCTS_DIR; };
		46ED8AB81A9B303F00E9EF26 /* Info.plist */ = {isa = PBXFileReference; lastKnownFileType = text.plist.xml; path = Info.plist; sourceTree = "<group>"; };
		46ED8AB91A9B303F00E9EF26 /* main.m */ = {isa = PBXFileReference; lastKnownFileType = sourcecode.c.objc; path = main.m; sourceTree = "<group>"; };
		46ED8ABB1A9B303F00E9EF26 /* AppDelegate.h */ = {isa = PBXFileReference; lastKnownFileType = sourcecode.c.h; path = AppDelegate.h; sourceTree = "<group>"; };
		46ED8ABC1A9B303F00E9EF26 /* AppDelegate.m */ = {isa = PBXFileReference; lastKnownFileType = sourcecode.c.objc; path = AppDelegate.m; sourceTree = "<group>"; };
		46ED8AC21A9B303F00E9EF26 /* Base */ = {isa = PBXFileReference; lastKnownFileType = file.storyboard; name = Base; path = Base.lproj/Main.storyboard; sourceTree = "<group>"; };
		46ED8AC71A9B303F00E9EF26 /* Base */ = {isa = PBXFileReference; lastKnownFileType = file.xib; name = Base; path = Base.lproj/LaunchScreen.xib; sourceTree = "<group>"; };
		46ED8ACD1A9B303F00E9EF26 /* LumberjackCoverageTests.xctest */ = {isa = PBXFileReference; explicitFileType = wrapper.cfbundle; includeInIndex = 0; path = LumberjackCoverageTests.xctest; sourceTree = BUILT_PRODUCTS_DIR; };
		46ED8AD21A9B303F00E9EF26 /* Info.plist */ = {isa = PBXFileReference; lastKnownFileType = text.plist.xml; path = Info.plist; sourceTree = "<group>"; };
		46ED8ADE1A9B30CD00E9EF26 /* Lumberjack.xcodeproj */ = {isa = PBXFileReference; lastKnownFileType = "wrapper.pb-project"; name = Lumberjack.xcodeproj; path = ../../CocoaLumberjack/Xcode/LumberjackFramework/Mobile/Lumberjack.xcodeproj; sourceTree = "<group>"; };
		46ED8AFA1A9B370800E9EF26 /* FooBar.h */ = {isa = PBXFileReference; fileEncoding = 4; lastKnownFileType = sourcecode.c.h; path = FooBar.h; sourceTree = "<group>"; };
		46ED8AFB1A9B370800E9EF26 /* FooBar.m */ = {isa = PBXFileReference; fileEncoding = 4; lastKnownFileType = sourcecode.c.objc; path = FooBar.m; sourceTree = "<group>"; };
		46ED8B001A9B378900E9EF26 /* FooBarTests.m */ = {isa = PBXFileReference; fileEncoding = 4; lastKnownFileType = sourcecode.c.objc; path = FooBarTests.m; sourceTree = "<group>"; };
/* End PBXFileReference section */

/* Begin PBXFrameworksBuildPhase section */
		46ED8AB11A9B303F00E9EF26 /* Frameworks */ = {
			isa = PBXFrameworksBuildPhase;
			buildActionMask = 2147483647;
			files = (
				46ED8AF91A9B310B00E9EF26 /* libLumberjack.a in Frameworks */,
			);
			runOnlyForDeploymentPostprocessing = 0;
		};
		46ED8ACA1A9B303F00E9EF26 /* Frameworks */ = {
			isa = PBXFrameworksBuildPhase;
			buildActionMask = 2147483647;
			files = (
			);
			runOnlyForDeploymentPostprocessing = 0;
		};
/* End PBXFrameworksBuildPhase section */

/* Begin PBXGroup section */
		46ED8AAB1A9B303F00E9EF26 = {
			isa = PBXGroup;
			children = (
				46ED8ADD1A9B309400E9EF26 /* Frameworks */,
				46ED8AB61A9B303F00E9EF26 /* LumberjackCoverage */,
				46ED8AD01A9B303F00E9EF26 /* LumberjackCoverageTests */,
				46ED8AB51A9B303F00E9EF26 /* Products */,
			);
			sourceTree = "<group>";
		};
		46ED8AB51A9B303F00E9EF26 /* Products */ = {
			isa = PBXGroup;
			children = (
				46ED8AB41A9B303F00E9EF26 /* LumberjackCoverage.app */,
				46ED8ACD1A9B303F00E9EF26 /* LumberjackCoverageTests.xctest */,
			);
			name = Products;
			sourceTree = "<group>";
		};
		46ED8AB61A9B303F00E9EF26 /* LumberjackCoverage */ = {
			isa = PBXGroup;
			children = (
				46ED8ABB1A9B303F00E9EF26 /* AppDelegate.h */,
				46ED8ABC1A9B303F00E9EF26 /* AppDelegate.m */,
				46ED8AC11A9B303F00E9EF26 /* Main.storyboard */,
				46ED8AC61A9B303F00E9EF26 /* LaunchScreen.xib */,
				46ED8AB71A9B303F00E9EF26 /* Supporting Files */,
				46ED8AFA1A9B370800E9EF26 /* FooBar.h */,
				46ED8AFB1A9B370800E9EF26 /* FooBar.m */,
			);
			path = LumberjackCoverage;
			sourceTree = "<group>";
		};
		46ED8AB71A9B303F00E9EF26 /* Supporting Files */ = {
			isa = PBXGroup;
			children = (
				46ED8AB81A9B303F00E9EF26 /* Info.plist */,
				46ED8AB91A9B303F00E9EF26 /* main.m */,
			);
			name = "Supporting Files";
			sourceTree = "<group>";
		};
		46ED8AD01A9B303F00E9EF26 /* LumberjackCoverageTests */ = {
			isa = PBXGroup;
			children = (
				46ED8AD11A9B303F00E9EF26 /* Supporting Files */,
				46ED8B001A9B378900E9EF26 /* FooBarTests.m */,
			);
			path = LumberjackCoverageTests;
			sourceTree = "<group>";
		};
		46ED8AD11A9B303F00E9EF26 /* Supporting Files */ = {
			isa = PBXGroup;
			children = (
				46ED8AD21A9B303F00E9EF26 /* Info.plist */,
			);
			name = "Supporting Files";
			sourceTree = "<group>";
		};
		46ED8ADD1A9B309400E9EF26 /* Frameworks */ = {
			isa = PBXGroup;
			children = (
				46ED8ADE1A9B30CD00E9EF26 /* Lumberjack.xcodeproj */,
			);
			name = Frameworks;
			sourceTree = "<group>";
		};
		46ED8ADF1A9B30CD00E9EF26 /* Products */ = {
			isa = PBXGroup;
			children = (
				46ED8AE41A9B30CD00E9EF26 /* libLumberjack.a */,
				46ED8AE61A9B30CD00E9EF26 /* LibTest.app */,
			);
			name = Products;
			sourceTree = "<group>";
		};
/* End PBXGroup section */

/* Begin PBXNativeTarget section */
		46ED8AB31A9B303F00E9EF26 /* LumberjackCoverage */ = {
			isa = PBXNativeTarget;
			buildConfigurationList = 46ED8AD71A9B303F00E9EF26 /* Build configuration list for PBXNativeTarget "LumberjackCoverage" */;
			buildPhases = (
				46ED8AB01A9B303F00E9EF26 /* Sources */,
				46ED8AB11A9B303F00E9EF26 /* Frameworks */,
				46ED8AB21A9B303F00E9EF26 /* Resources */,
			);
			buildRules = (
			);
			dependencies = (
				46ED8AE81A9B30E000E9EF26 /* PBXTargetDependency */,
			);
			name = LumberjackCoverage;
			productName = LumberjackCoverage;
			productReference = 46ED8AB41A9B303F00E9EF26 /* LumberjackCoverage.app */;
			productType = "com.apple.product-type.application";
		};
		46ED8ACC1A9B303F00E9EF26 /* LumberjackCoverageTests */ = {
			isa = PBXNativeTarget;
			buildConfigurationList = 46ED8ADA1A9B303F00E9EF26 /* Build configuration list for PBXNativeTarget "LumberjackCoverageTests" */;
			buildPhases = (
				46ED8AC91A9B303F00E9EF26 /* Sources */,
				46ED8ACA1A9B303F00E9EF26 /* Frameworks */,
				46ED8ACB1A9B303F00E9EF26 /* Resources */,
			);
			buildRules = (
			);
			dependencies = (
				46ED8ACF1A9B303F00E9EF26 /* PBXTargetDependency */,
			);
			name = LumberjackCoverageTests;
			productName = LumberjackCoverageTests;
			productReference = 46ED8ACD1A9B303F00E9EF26 /* LumberjackCoverageTests.xctest */;
			productType = "com.apple.product-type.bundle.unit-test";
		};
/* End PBXNativeTarget section */

/* Begin PBXProject section */
		46ED8AAC1A9B303F00E9EF26 /* Project object */ = {
			isa = PBXProject;
			attributes = {
				LastUpgradeCheck = 0610;
				ORGANIZATIONNAME = "Ashton-W";
				TargetAttributes = {
					46ED8AB31A9B303F00E9EF26 = {
						CreatedOnToolsVersion = 6.1.1;
					};
					46ED8ACC1A9B303F00E9EF26 = {
						CreatedOnToolsVersion = 6.1.1;
						TestTargetID = 46ED8AB31A9B303F00E9EF26;
					};
				};
			};
			buildConfigurationList = 46ED8AAF1A9B303F00E9EF26 /* Build configuration list for PBXProject "LumberjackCoverage" */;
			compatibilityVersion = "Xcode 3.2";
			developmentRegion = English;
			hasScannedForEncodings = 0;
			knownRegions = (
				en,
				Base,
			);
			mainGroup = 46ED8AAB1A9B303F00E9EF26;
			productRefGroup = 46ED8AB51A9B303F00E9EF26 /* Products */;
			projectDirPath = "";
			projectReferences = (
				{
					ProductGroup = 46ED8ADF1A9B30CD00E9EF26 /* Products */;
					ProjectRef = 46ED8ADE1A9B30CD00E9EF26 /* Lumberjack.xcodeproj */;
				},
			);
			projectRoot = "";
			targets = (
				46ED8AB31A9B303F00E9EF26 /* LumberjackCoverage */,
				46ED8ACC1A9B303F00E9EF26 /* LumberjackCoverageTests */,
			);
		};
/* End PBXProject section */

/* Begin PBXReferenceProxy section */
		46ED8AE41A9B30CD00E9EF26 /* libLumberjack.a */ = {
			isa = PBXReferenceProxy;
			fileType = archive.ar;
			path = libLumberjack.a;
			remoteRef = 46ED8AE31A9B30CD00E9EF26 /* PBXContainerItemProxy */;
			sourceTree = BUILT_PRODUCTS_DIR;
		};
		46ED8AE61A9B30CD00E9EF26 /* LibTest.app */ = {
			isa = PBXReferenceProxy;
			fileType = wrapper.application;
			path = LibTest.app;
			remoteRef = 46ED8AE51A9B30CD00E9EF26 /* PBXContainerItemProxy */;
			sourceTree = BUILT_PRODUCTS_DIR;
		};
/* End PBXReferenceProxy section */

/* Begin PBXResourcesBuildPhase section */
		46ED8AB21A9B303F00E9EF26 /* Resources */ = {
			isa = PBXResourcesBuildPhase;
			buildActionMask = 2147483647;
			files = (
				46ED8AC31A9B303F00E9EF26 /* Main.storyboard in Resources */,
				46ED8AC81A9B303F00E9EF26 /* LaunchScreen.xib in Resources */,
			);
			runOnlyForDeploymentPostprocessing = 0;
		};
		46ED8ACB1A9B303F00E9EF26 /* Resources */ = {
			isa = PBXResourcesBuildPhase;
			buildActionMask = 2147483647;
			files = (
			);
			runOnlyForDeploymentPostprocessing = 0;
		};
/* End PBXResourcesBuildPhase section */

/* Begin PBXSourcesBuildPhase section */
		46ED8AB01A9B303F00E9EF26 /* Sources */ = {
			isa = PBXSourcesBuildPhase;
			buildActionMask = 2147483647;
			files = (
				46ED8AFC1A9B370800E9EF26 /* FooBar.m in Sources */,
				46ED8ABD1A9B303F00E9EF26 /* AppDelegate.m in Sources */,
				46ED8ABA1A9B303F00E9EF26 /* main.m in Sources */,
			);
			runOnlyForDeploymentPostprocessing = 0;
		};
		46ED8AC91A9B303F00E9EF26 /* Sources */ = {
			isa = PBXSourcesBuildPhase;
			buildActionMask = 2147483647;
			files = (
				46ED8B011A9B378900E9EF26 /* FooBarTests.m in Sources */,
			);
			runOnlyForDeploymentPostprocessing = 0;
		};
/* End PBXSourcesBuildPhase section */

/* Begin PBXTargetDependency section */
		46ED8ACF1A9B303F00E9EF26 /* PBXTargetDependency */ = {
			isa = PBXTargetDependency;
			target = 46ED8AB31A9B303F00E9EF26 /* LumberjackCoverage */;
			targetProxy = 46ED8ACE1A9B303F00E9EF26 /* PBXContainerItemProxy */;
		};
		46ED8AE81A9B30E000E9EF26 /* PBXTargetDependency */ = {
			isa = PBXTargetDependency;
			name = Lumberjack;
			targetProxy = 46ED8AE71A9B30E000E9EF26 /* PBXContainerItemProxy */;
		};
/* End PBXTargetDependency section */

/* Begin PBXVariantGroup section */
		46ED8AC11A9B303F00E9EF26 /* Main.storyboard */ = {
			isa = PBXVariantGroup;
			children = (
				46ED8AC21A9B303F00E9EF26 /* Base */,
			);
			name = Main.storyboard;
			sourceTree = "<group>";
		};
		46ED8AC61A9B303F00E9EF26 /* LaunchScreen.xib */ = {
			isa = PBXVariantGroup;
			children = (
				46ED8AC71A9B303F00E9EF26 /* Base */,
			);
			name = LaunchScreen.xib;
			sourceTree = "<group>";
		};
/* End PBXVariantGroup section */

/* Begin XCBuildConfiguration section */
		46ED8AD51A9B303F00E9EF26 /* Debug */ = {
			isa = XCBuildConfiguration;
			buildSettings = {
				ALWAYS_SEARCH_USER_PATHS = YES;
				CLANG_CXX_LANGUAGE_STANDARD = "gnu++0x";
				CLANG_CXX_LIBRARY = "libc++";
				CLANG_ENABLE_MODULES = YES;
				CLANG_ENABLE_OBJC_ARC = YES;
				CLANG_WARN_BOOL_CONVERSION = YES;
				CLANG_WARN_CONSTANT_CONVERSION = YES;
				CLANG_WARN_DIRECT_OBJC_ISA_USAGE = YES_ERROR;
				CLANG_WARN_EMPTY_BODY = YES;
				CLANG_WARN_ENUM_CONVERSION = YES;
				CLANG_WARN_INT_CONVERSION = YES;
				CLANG_WARN_OBJC_ROOT_CLASS = YES_ERROR;
				CLANG_WARN_UNREACHABLE_CODE = YES;
				CLANG_WARN__DUPLICATE_METHOD_MATCH = YES;
				"CODE_SIGN_IDENTITY[sdk=iphoneos*]" = "iPhone Developer";
				COPY_PHASE_STRIP = NO;
				ENABLE_STRICT_OBJC_MSGSEND = YES;
				GCC_C_LANGUAGE_STANDARD = gnu99;
				GCC_DYNAMIC_NO_PIC = NO;
				GCC_OPTIMIZATION_LEVEL = 0;
				GCC_PREPROCESSOR_DEFINITIONS = (
					"DEBUG=1",
					"$(inherited)",
				);
				GCC_SYMBOLS_PRIVATE_EXTERN = NO;
				GCC_WARN_64_TO_32_BIT_CONVERSION = YES;
				GCC_WARN_ABOUT_RETURN_TYPE = YES_ERROR;
				GCC_WARN_UNDECLARED_SELECTOR = YES;
				GCC_WARN_UNINITIALIZED_AUTOS = YES_AGGRESSIVE;
				GCC_WARN_UNUSED_FUNCTION = YES;
				GCC_WARN_UNUSED_VARIABLE = YES;
				IPHONEOS_DEPLOYMENT_TARGET = 8.1;
				MTL_ENABLE_DEBUG_INFO = YES;
				ONLY_ACTIVE_ARCH = YES;
				SDKROOT = iphoneos;
				USER_HEADER_SEARCH_PATHS = "$(PROJECT_DIR)/../../CocoaLumberjack/Lumberjack/**";
			};
			name = Debug;
		};
		46ED8AD61A9B303F00E9EF26 /* Release */ = {
			isa = XCBuildConfiguration;
			buildSettings = {
				ALWAYS_SEARCH_USER_PATHS = YES;
				CLANG_CXX_LANGUAGE_STANDARD = "gnu++0x";
				CLANG_CXX_LIBRARY = "libc++";
				CLANG_ENABLE_MODULES = YES;
				CLANG_ENABLE_OBJC_ARC = YES;
				CLANG_WARN_BOOL_CONVERSION = YES;
				CLANG_WARN_CONSTANT_CONVERSION = YES;
				CLANG_WARN_DIRECT_OBJC_ISA_USAGE = YES_ERROR;
				CLANG_WARN_EMPTY_BODY = YES;
				CLANG_WARN_ENUM_CONVERSION = YES;
				CLANG_WARN_INT_CONVERSION = YES;
				CLANG_WARN_OBJC_ROOT_CLASS = YES_ERROR;
				CLANG_WARN_UNREACHABLE_CODE = YES;
				CLANG_WARN__DUPLICATE_METHOD_MATCH = YES;
				"CODE_SIGN_IDENTITY[sdk=iphoneos*]" = "iPhone Developer";
				COPY_PHASE_STRIP = YES;
				ENABLE_NS_ASSERTIONS = NO;
				ENABLE_STRICT_OBJC_MSGSEND = YES;
				GCC_C_LANGUAGE_STANDARD = gnu99;
				GCC_WARN_64_TO_32_BIT_CONVERSION = YES;
				GCC_WARN_ABOUT_RETURN_TYPE = YES_ERROR;
				GCC_WARN_UNDECLARED_SELECTOR = YES;
				GCC_WARN_UNINITIALIZED_AUTOS = YES_AGGRESSIVE;
				GCC_WARN_UNUSED_FUNCTION = YES;
				GCC_WARN_UNUSED_VARIABLE = YES;
				IPHONEOS_DEPLOYMENT_TARGET = 8.1;
				MTL_ENABLE_DEBUG_INFO = NO;
				SDKROOT = iphoneos;
				USER_HEADER_SEARCH_PATHS = "$(PROJECT_DIR)/../../CocoaLumberjack/Lumberjack/**";
				VALIDATE_PRODUCT = YES;
			};
			name = Release;
		};
		46ED8AD81A9B303F00E9EF26 /* Debug */ = {
			isa = XCBuildConfiguration;
			buildSettings = {
				ASSETCATALOG_COMPILER_APPICON_NAME = AppIcon;
				GCC_GENERATE_TEST_COVERAGE_FILES = YES;
				GCC_INSTRUMENT_PROGRAM_FLOW_ARCS = YES;
				INFOPLIST_FILE = LumberjackCoverage/Info.plist;
				LD_RUNPATH_SEARCH_PATHS = "$(inherited) @executable_path/Frameworks";
				PRODUCT_NAME = "$(TARGET_NAME)";
			};
			name = Debug;
		};
		46ED8AD91A9B303F00E9EF26 /* Release */ = {
			isa = XCBuildConfiguration;
			buildSettings = {
				ASSETCATALOG_COMPILER_APPICON_NAME = AppIcon;
				INFOPLIST_FILE = LumberjackCoverage/Info.plist;
				LD_RUNPATH_SEARCH_PATHS = "$(inherited) @executable_path/Frameworks";
				PRODUCT_NAME = "$(TARGET_NAME)";
			};
			name = Release;
		};
		46ED8ADB1A9B303F00E9EF26 /* Debug */ = {
			isa = XCBuildConfiguration;
			buildSettings = {
				BUNDLE_LOADER = "$(TEST_HOST)";
				FRAMEWORK_SEARCH_PATHS = (
					"$(SDKROOT)/Developer/Library/Frameworks",
					"$(inherited)",
				);
				GCC_PREPROCESSOR_DEFINITIONS = (
					"DEBUG=1",
					"$(inherited)",
				);
				INFOPLIST_FILE = LumberjackCoverageTests/Info.plist;
				LD_RUNPATH_SEARCH_PATHS = "$(inherited) @executable_path/Frameworks @loader_path/Frameworks";
				PRODUCT_NAME = "$(TARGET_NAME)";
				TEST_HOST = "$(BUILT_PRODUCTS_DIR)/LumberjackCoverage.app/LumberjackCoverage";
			};
			name = Debug;
		};
		46ED8ADC1A9B303F00E9EF26 /* Release */ = {
			isa = XCBuildConfiguration;
			buildSettings = {
				BUNDLE_LOADER = "$(TEST_HOST)";
				FRAMEWORK_SEARCH_PATHS = (
					"$(SDKROOT)/Developer/Library/Frameworks",
					"$(inherited)",
				);
				INFOPLIST_FILE = LumberjackCoverageTests/Info.plist;
				LD_RUNPATH_SEARCH_PATHS = "$(inherited) @executable_path/Frameworks @loader_path/Frameworks";
				PRODUCT_NAME = "$(TARGET_NAME)";
				TEST_HOST = "$(BUILT_PRODUCTS_DIR)/LumberjackCoverage.app/LumberjackCoverage";
			};
			name = Release;
		};
/* End XCBuildConfiguration section */

/* Begin XCConfigurationList section */
		46ED8AAF1A9B303F00E9EF26 /* Build configuration list for PBXProject "LumberjackCoverage" */ = {
			isa = XCConfigurationList;
			buildConfigurations = (
				46ED8AD51A9B303F00E9EF26 /* Debug */,
				46ED8AD61A9B303F00E9EF26 /* Release */,
			);
			defaultConfigurationIsVisible = 0;
			defaultConfigurationName = Release;
		};
		46ED8AD71A9B303F00E9EF26 /* Build configuration list for PBXNativeTarget "LumberjackCoverage" */ = {
			isa = XCConfigurationList;
			buildConfigurations = (
				46ED8AD81A9B303F00E9EF26 /* Debug */,
				46ED8AD91A9B303F00E9EF26 /* Release */,
			);
			defaultConfigurationIsVisible = 0;
		};
		46ED8ADA1A9B303F00E9EF26 /* Build configuration list for PBXNativeTarget "LumberjackCoverageTests" */ = {
			isa = XCConfigurationList;
			buildConfigurations = (
				46ED8ADB1A9B303F00E9EF26 /* Debug */,
				46ED8ADC1A9B303F00E9EF26 /* Release */,
			);
			defaultConfigurationIsVisible = 0;
		};
/* End XCConfigurationList section */
	};
	rootObject = 46ED8AAC1A9B303F00E9EF26 /* Project object */;
}
